
Microsoft Visual Studio Solution File, Format Version 12.00
# Visual Studio Version 16
VisualStudioVersion = 16.0.30907.101
MinimumVisualStudioVersion = 10.0.40219.1
Project("{FAE04EC0-301F-11D3-BF4B-00C04F79EFBC}") = "ClassMetotDemo", "ClassMetotDemo\ClassMetotDemo.csproj", "{AD5E1AB3-5343-4DCA-A26F-2F9A2CE38821}"
EndProject
Global
	GlobalSection(SolutionConfigurationPlatforms) = preSolution
		Debug|Any CPU = Debug|Any CPU
		Release|Any CPU = Release|Any CPU
	EndGlobalSection
	GlobalSection(ProjectConfigurationPlatforms) = postSolution
		{AD5E1AB3-5343-4DCA-A26F-2F9A2CE38821}.Debug|Any CPU.ActiveCfg = Debug|Any CPU
		{AD5E1AB3-5343-4DCA-A26F-2F9A2CE38821}.Debug|Any CPU.Build.0 = Debug|Any CPU
		{AD5E1AB3-5343-4DCA-A26F-2F9A2CE38821}.Release|Any CPU.ActiveCfg = Release|Any CPU
		{AD5E1AB3-5343-4DCA-A26F-2F9A2CE38821}.Release|Any CPU.Build.0 = Release|Any CPU
	EndGlobalSection
	GlobalSection(SolutionProperties) = preSolution
		HideSolutionNode = FALSE
	EndGlobalSection
	GlobalSection(ExtensibilityGlobals) = postSolution
		SolutionGuid = {88C76D26-C55F-419E-9B9B-B008DF073BDA}
	EndGlobalSection
EndGlobal
